
Microsoft Visual Studio Solution File, Format Version 12.00
# Visual Studio 15
VisualStudioVersion = 15.0.26124.0
MinimumVisualStudioVersion = 15.0.26124.0
Project("{FAE04EC0-301F-11D3-BF4B-00C04F79EFBC}") = "CattleTrack.Api", "CattleTrack.Api\CattleTrack.Api.csproj", "{870912B8-DE6F-42EC-B90C-E2FC6A55639B}"
EndProject
Project("{FAE04EC0-301F-11D3-BF4B-00C04F79EFBC}") = "CattleTrack.Shared", "CattleTrack.Shared\CattleTrack.Shared.csproj", "{9157FD25-EE0B-4DD9-9C66-E9707BD9B17B}"
EndProject
Global
	GlobalSection(SolutionConfigurationPlatforms) = preSolution
		Debug|Any CPU = Debug|Any CPU
		Debug|x64 = Debug|x64
		Debug|x86 = Debug|x86
		Release|Any CPU = Release|Any CPU
		Release|x64 = Release|x64
		Release|x86 = Release|x86
	EndGlobalSection
	GlobalSection(SolutionProperties) = preSolution
		HideSolutionNode = FALSE
	EndGlobalSection
	GlobalSection(ProjectConfigurationPlatforms) = postSolution
		{870912B8-DE6F-42EC-B90C-E2FC6A55639B}.Debug|Any CPU.ActiveCfg = Debug|Any CPU
		{870912B8-DE6F-42EC-B90C-E2FC6A55639B}.Debug|Any CPU.Build.0 = Debug|Any CPU
		{870912B8-DE6F-42EC-B90C-E2FC6A55639B}.Debug|x64.ActiveCfg = Debug|Any CPU
		{870912B8-DE6F-42EC-B90C-E2FC6A55639B}.Debug|x64.Build.0 = Debug|Any CPU
		{870912B8-DE6F-42EC-B90C-E2FC6A55639B}.Debug|x86.ActiveCfg = Debug|Any CPU
		{870912B8-DE6F-42EC-B90C-E2FC6A55639B}.Debug|x86.Build.0 = Debug|Any CPU
		{870912B8-DE6F-42EC-B90C-E2FC6A55639B}.Release|Any CPU.ActiveCfg = Release|Any CPU
		{870912B8-DE6F-42EC-B90C-E2FC6A55639B}.Release|Any CPU.Build.0 = Release|Any CPU
		{870912B8-DE6F-42EC-B90C-E2FC6A55639B}.Release|x64.ActiveCfg = Release|Any CPU
		{870912B8-DE6F-42EC-B90C-E2FC6A55639B}.Release|x64.Build.0 = Release|Any CPU
		{870912B8-DE6F-42EC-B90C-E2FC6A55639B}.Release|x86.ActiveCfg = Release|Any CPU
		{870912B8-DE6F-42EC-B90C-E2FC6A55639B}.Release|x86.Build.0 = Release|Any CPU
		{9157FD25-EE0B-4DD9-9C66-E9707BD9B17B}.Debug|Any CPU.ActiveCfg = Debug|Any CPU
		{9157FD25-EE0B-4DD9-9C66-E9707BD9B17B}.Debug|Any CPU.Build.0 = Debug|Any CPU
		{9157FD25-EE0B-4DD9-9C66-E9707BD9B17B}.Debug|x64.ActiveCfg = Debug|Any CPU
		{9157FD25-EE0B-4DD9-9C66-E9707BD9B17B}.Debug|x64.Build.0 = Debug|Any CPU
		{9157FD25-EE0B-4DD9-9C66-E9707BD9B17B}.Debug|x86.ActiveCfg = Debug|Any CPU
		{9157FD25-EE0B-4DD9-9C66-E9707BD9B17B}.Debug|x86.Build.0 = Debug|Any CPU
		{9157FD25-EE0B-4DD9-9C66-E9707BD9B17B}.Release|Any CPU.ActiveCfg = Release|Any CPU
		{9157FD25-EE0B-4DD9-9C66-E9707BD9B17B}.Release|Any CPU.Build.0 = Release|Any CPU
		{9157FD25-EE0B-4DD9-9C66-E9707BD9B17B}.Release|x64.ActiveCfg = Release|Any CPU
		{9157FD25-EE0B-4DD9-9C66-E9707BD9B17B}.Release|x64.Build.0 = Release|Any CPU
		{9157FD25-EE0B-4DD9-9C66-E9707BD9B17B}.Release|x86.ActiveCfg = Release|Any CPU
		{9157FD25-EE0B-4DD9-9C66-E9707BD9B17B}.Release|x86.Build.0 = Release|Any CPU
	EndGlobalSection
EndGlobal
